
Microsoft Visual Studio Solution File, Format Version 12.00
# Visual Studio Version 16
VisualStudioVersion = 16.0.29926.136
MinimumVisualStudioVersion = 10.0.40219.1
Project("{FAE04EC0-301F-11D3-BF4B-00C04F79EFBC}") = "GarageParkingApp", "GarageParkingApp\GarageParkingApp.csproj", "{6943D28B-864B-43F9-A912-D47AC6537483}"
EndProject
Global
	GlobalSection(SolutionConfigurationPlatforms) = preSolution
		Debug|Any CPU = Debug|Any CPU
		Release|Any CPU = Release|Any CPU
	EndGlobalSection
	GlobalSection(ProjectConfigurationPlatforms) = postSolution
		{6943D28B-864B-43F9-A912-D47AC6537483}.Debug|Any CPU.ActiveCfg = Debug|Any CPU
		{6943D28B-864B-43F9-A912-D47AC6537483}.Debug|Any CPU.Build.0 = Debug|Any CPU
		{6943D28B-864B-43F9-A912-D47AC6537483}.Release|Any CPU.ActiveCfg = Release|Any CPU
		{6943D28B-864B-43F9-A912-D47AC6537483}.Release|Any CPU.Build.0 = Release|Any CPU
	EndGlobalSection
	GlobalSection(SolutionProperties) = preSolution
		HideSolutionNode = FALSE
	EndGlobalSection
	GlobalSection(ExtensibilityGlobals) = postSolution
		SolutionGuid = {29EA3828-38C6-49F9-81F2-B4E50341FD8F}
	EndGlobalSection
EndGlobal
